
Microsoft Visual Studio Solution File, Format Version 12.00
# Visual Studio Version 17
VisualStudioVersion = 17.9.34607.119
MinimumVisualStudioVersion = 10.0.40219.1
Project("{9A19103F-16F7-4668-BE54-9A1E7A4F7556}") = "FfmpegAndroidBinding", "Fffmpeg\FfmpegAndroidBinding.csproj", "{A1273E6C-83AC-4527-82C8-07EF233F75A8}"
EndProject
Project("{9A19103F-16F7-4668-BE54-9A1E7A4F7556}") = "SubtitlesApp.MAUI", "SubtitlesApp\SubtitlesApp.MAUI.csproj", "{F12A0105-BC68-43D5-9CF3-2B819A1508D7}"
EndProject
Project("{2150E333-8FDC-42A3-9474-1A3956D46DE8}") = "Client", "Client", "{B9A2B3E1-A1BE-4391-BA43-BFCD4AC212EF}"
EndProject
Project("{2150E333-8FDC-42A3-9474-1A3956D46DE8}") = "Server", "Server", "{A7DDFB26-2BAF-486C-8795-4F58F4723D6E}"
EndProject
Project("{2150E333-8FDC-42A3-9474-1A3956D46DE8}") = "01_Presentation", "01_Presentation", "{38CDB877-706D-47E8-AA8D-343D3217C3A9}"
EndProject
Project("{2150E333-8FDC-42A3-9474-1A3956D46DE8}") = "03_Infrastructure", "03_Infrastructure", "{35544AE1-81D6-452A-8FE1-AD712852DF42}"
EndProject
Project("{9A19103F-16F7-4668-BE54-9A1E7A4F7556}") = "SubtitlesApp.Infrastructure.Android", "SubtitlesApp.Infrastructure.Android\SubtitlesApp.Infrastructure.Android.csproj", "{45C4FF6C-019C-4773-8BEB-0451C53985DA}"
EndProject
Project("{9A19103F-16F7-4668-BE54-9A1E7A4F7556}") = "SubtitlesApp.Infrastructure.Common", "SubtitlesApp.Infrastructure.Common\SubtitlesApp.Infrastructure.Common.csproj", "{191C109E-95E7-40A7-BD8A-A593707B3CF7}"
EndProject
Project("{9A19103F-16F7-4668-BE54-9A1E7A4F7556}") = "SubtitlesApp.Core", "SubtitlesApp.Core\SubtitlesApp.Core.csproj", "{B1576DDE-64E4-4C63-8C6C-38F74B23B2ED}"
EndProject
Project("{9A19103F-16F7-4668-BE54-9A1E7A4F7556}") = "SubtitlesServer", "SubtitlesAppServer\SubtitlesServer.csproj", "{7316A2FA-25D4-491F-8AC0-794487855562}"
EndProject
Project("{2150E333-8FDC-42A3-9474-1A3956D46DE8}") = "02_Application", "02_Application", "{1B345EEA-DA62-47B5-94F7-FA50AEF62C0E}"
EndProject
Project("{9A19103F-16F7-4668-BE54-9A1E7A4F7556}") = "SubtitlesApp.Application", "SubtitlesApp.Application\SubtitlesApp.Application.csproj", "{F394CBC3-1A38-4EE4-AA76-5D7533168E2F}"
EndProject
Project("{2150E333-8FDC-42A3-9474-1A3956D46DE8}") = "Core", "Core", "{DEF51250-CCC5-4A6C-8A86-005BD83CEF4A}"
EndProject
Project("{9A19103F-16F7-4668-BE54-9A1E7A4F7556}") = "SubtitlesApp.Shared", "SubtitlesApp.Shared\SubtitlesApp.Shared.csproj", "{0B341B2E-CB0C-4A73-AB2D-929060A3F356}"
EndProject
Project("{FAE04EC0-301F-11D3-BF4B-00C04F79EFBC}") = "SubtitlesServer.Application", "SubtitlesServer.Applications\SubtitlesServer.Application.csproj", "{467821F7-763C-4404-9061-4651F1EFC869}"
EndProject
Project("{FAE04EC0-301F-11D3-BF4B-00C04F79EFBC}") = "SubtitlesServer.Infrastructure", "SubtitlesServer.Infrastructure\SubtitlesServer.Infrastructure.csproj", "{04619C95-CD47-48F0-A9B6-1F678654B1A1}"
EndProject
Global
	GlobalSection(SolutionConfigurationPlatforms) = preSolution
		Debug|Any CPU = Debug|Any CPU
		Debug|x64 = Debug|x64
		Release|Any CPU = Release|Any CPU
		Release|x64 = Release|x64
	EndGlobalSection
	GlobalSection(ProjectConfigurationPlatforms) = postSolution
		{A1273E6C-83AC-4527-82C8-07EF233F75A8}.Debug|Any CPU.ActiveCfg = Debug|Any CPU
		{A1273E6C-83AC-4527-82C8-07EF233F75A8}.Debug|Any CPU.Build.0 = Debug|Any CPU
		{A1273E6C-83AC-4527-82C8-07EF233F75A8}.Debug|x64.ActiveCfg = Debug|Any CPU
		{A1273E6C-83AC-4527-82C8-07EF233F75A8}.Debug|x64.Build.0 = Debug|Any CPU
		{A1273E6C-83AC-4527-82C8-07EF233F75A8}.Release|Any CPU.ActiveCfg = Release|Any CPU
		{A1273E6C-83AC-4527-82C8-07EF233F75A8}.Release|Any CPU.Build.0 = Release|Any CPU
		{A1273E6C-83AC-4527-82C8-07EF233F75A8}.Release|x64.ActiveCfg = Release|Any CPU
		{A1273E6C-83AC-4527-82C8-07EF233F75A8}.Release|x64.Build.0 = Release|Any CPU
		{F12A0105-BC68-43D5-9CF3-2B819A1508D7}.Debug|Any CPU.ActiveCfg = Debug|Any CPU
		{F12A0105-BC68-43D5-9CF3-2B819A1508D7}.Debug|Any CPU.Build.0 = Debug|Any CPU
		{F12A0105-BC68-43D5-9CF3-2B819A1508D7}.Debug|Any CPU.Deploy.0 = Debug|Any CPU
		{F12A0105-BC68-43D5-9CF3-2B819A1508D7}.Debug|x64.ActiveCfg = Debug|Any CPU
		{F12A0105-BC68-43D5-9CF3-2B819A1508D7}.Debug|x64.Build.0 = Debug|Any CPU
		{F12A0105-BC68-43D5-9CF3-2B819A1508D7}.Debug|x64.Deploy.0 = Debug|Any CPU
		{F12A0105-BC68-43D5-9CF3-2B819A1508D7}.Release|Any CPU.ActiveCfg = Release|Any CPU
		{F12A0105-BC68-43D5-9CF3-2B819A1508D7}.Release|Any CPU.Build.0 = Release|Any CPU
		{F12A0105-BC68-43D5-9CF3-2B819A1508D7}.Release|Any CPU.Deploy.0 = Release|Any CPU
		{F12A0105-BC68-43D5-9CF3-2B819A1508D7}.Release|x64.ActiveCfg = Release|Any CPU
		{F12A0105-BC68-43D5-9CF3-2B819A1508D7}.Release|x64.Build.0 = Release|Any CPU
		{F12A0105-BC68-43D5-9CF3-2B819A1508D7}.Release|x64.Deploy.0 = Release|Any CPU
		{45C4FF6C-019C-4773-8BEB-0451C53985DA}.Debug|Any CPU.ActiveCfg = Debug|Any CPU
		{45C4FF6C-019C-4773-8BEB-0451C53985DA}.Debug|Any CPU.Build.0 = Debug|Any CPU
		{45C4FF6C-019C-4773-8BEB-0451C53985DA}.Debug|x64.ActiveCfg = Debug|Any CPU
		{45C4FF6C-019C-4773-8BEB-0451C53985DA}.Debug|x64.Build.0 = Debug|Any CPU
		{45C4FF6C-019C-4773-8BEB-0451C53985DA}.Release|Any CPU.ActiveCfg = Release|Any CPU
		{45C4FF6C-019C-4773-8BEB-0451C53985DA}.Release|Any CPU.Build.0 = Release|Any CPU
		{45C4FF6C-019C-4773-8BEB-0451C53985DA}.Release|x64.ActiveCfg = Release|Any CPU
		{45C4FF6C-019C-4773-8BEB-0451C53985DA}.Release|x64.Build.0 = Release|Any CPU
		{191C109E-95E7-40A7-BD8A-A593707B3CF7}.Debug|Any CPU.ActiveCfg = Debug|Any CPU
		{191C109E-95E7-40A7-BD8A-A593707B3CF7}.Debug|Any CPU.Build.0 = Debug|Any CPU
		{191C109E-95E7-40A7-BD8A-A593707B3CF7}.Debug|x64.ActiveCfg = Debug|Any CPU
		{191C109E-95E7-40A7-BD8A-A593707B3CF7}.Debug|x64.Build.0 = Debug|Any CPU
		{191C109E-95E7-40A7-BD8A-A593707B3CF7}.Release|Any CPU.ActiveCfg = Release|Any CPU
		{191C109E-95E7-40A7-BD8A-A593707B3CF7}.Release|Any CPU.Build.0 = Release|Any CPU
		{191C109E-95E7-40A7-BD8A-A593707B3CF7}.Release|x64.ActiveCfg = Release|Any CPU
		{191C109E-95E7-40A7-BD8A-A593707B3CF7}.Release|x64.Build.0 = Release|Any CPU
		{B1576DDE-64E4-4C63-8C6C-38F74B23B2ED}.Debug|Any CPU.ActiveCfg = Debug|Any CPU
		{B1576DDE-64E4-4C63-8C6C-38F74B23B2ED}.Debug|Any CPU.Build.0 = Debug|Any CPU
		{B1576DDE-64E4-4C63-8C6C-38F74B23B2ED}.Debug|x64.ActiveCfg = Debug|Any CPU
		{B1576DDE-64E4-4C63-8C6C-38F74B23B2ED}.Debug|x64.Build.0 = Debug|Any CPU
		{B1576DDE-64E4-4C63-8C6C-38F74B23B2ED}.Release|Any CPU.ActiveCfg = Release|Any CPU
		{B1576DDE-64E4-4C63-8C6C-38F74B23B2ED}.Release|Any CPU.Build.0 = Release|Any CPU
		{B1576DDE-64E4-4C63-8C6C-38F74B23B2ED}.Release|x64.ActiveCfg = Release|Any CPU
		{B1576DDE-64E4-4C63-8C6C-38F74B23B2ED}.Release|x64.Build.0 = Release|Any CPU
		{7316A2FA-25D4-491F-8AC0-794487855562}.Debug|Any CPU.ActiveCfg = Debug|Any CPU
		{7316A2FA-25D4-491F-8AC0-794487855562}.Debug|Any CPU.Build.0 = Debug|Any CPU
		{7316A2FA-25D4-491F-8AC0-794487855562}.Debug|x64.ActiveCfg = Debug|Any CPU
		{7316A2FA-25D4-491F-8AC0-794487855562}.Debug|x64.Build.0 = Debug|Any CPU
		{7316A2FA-25D4-491F-8AC0-794487855562}.Release|Any CPU.ActiveCfg = Release|Any CPU
		{7316A2FA-25D4-491F-8AC0-794487855562}.Release|Any CPU.Build.0 = Release|Any CPU
		{7316A2FA-25D4-491F-8AC0-794487855562}.Release|x64.ActiveCfg = Release|Any CPU
		{7316A2FA-25D4-491F-8AC0-794487855562}.Release|x64.Build.0 = Release|Any CPU
		{F394CBC3-1A38-4EE4-AA76-5D7533168E2F}.Debug|Any CPU.ActiveCfg = Debug|Any CPU
		{F394CBC3-1A38-4EE4-AA76-5D7533168E2F}.Debug|Any CPU.Build.0 = Debug|Any CPU
		{F394CBC3-1A38-4EE4-AA76-5D7533168E2F}.Debug|x64.ActiveCfg = Debug|Any CPU
		{F394CBC3-1A38-4EE4-AA76-5D7533168E2F}.Debug|x64.Build.0 = Debug|Any CPU
		{F394CBC3-1A38-4EE4-AA76-5D7533168E2F}.Release|Any CPU.ActiveCfg = Release|Any CPU
		{F394CBC3-1A38-4EE4-AA76-5D7533168E2F}.Release|Any CPU.Build.0 = Release|Any CPU
		{F394CBC3-1A38-4EE4-AA76-5D7533168E2F}.Release|x64.ActiveCfg = Release|Any CPU
		{F394CBC3-1A38-4EE4-AA76-5D7533168E2F}.Release|x64.Build.0 = Release|Any CPU
		{0B341B2E-CB0C-4A73-AB2D-929060A3F356}.Debug|Any CPU.ActiveCfg = Debug|Any CPU
		{0B341B2E-CB0C-4A73-AB2D-929060A3F356}.Debug|Any CPU.Build.0 = Debug|Any CPU
		{0B341B2E-CB0C-4A73-AB2D-929060A3F356}.Debug|x64.ActiveCfg = Debug|Any CPU
		{0B341B2E-CB0C-4A73-AB2D-929060A3F356}.Debug|x64.Build.0 = Debug|Any CPU
		{0B341B2E-CB0C-4A73-AB2D-929060A3F356}.Release|Any CPU.ActiveCfg = Release|Any CPU
		{0B341B2E-CB0C-4A73-AB2D-929060A3F356}.Release|Any CPU.Build.0 = Release|Any CPU
		{0B341B2E-CB0C-4A73-AB2D-929060A3F356}.Release|x64.ActiveCfg = Release|Any CPU
		{0B341B2E-CB0C-4A73-AB2D-929060A3F356}.Release|x64.Build.0 = Release|Any CPU
		{467821F7-763C-4404-9061-4651F1EFC869}.Debug|Any CPU.ActiveCfg = Debug|Any CPU
		{467821F7-763C-4404-9061-4651F1EFC869}.Debug|Any CPU.Build.0 = Debug|Any CPU
		{467821F7-763C-4404-9061-4651F1EFC869}.Debug|x64.ActiveCfg = Debug|Any CPU
		{467821F7-763C-4404-9061-4651F1EFC869}.Debug|x64.Build.0 = Debug|Any CPU
		{467821F7-763C-4404-9061-4651F1EFC869}.Release|Any CPU.ActiveCfg = Release|Any CPU
		{467821F7-763C-4404-9061-4651F1EFC869}.Release|Any CPU.Build.0 = Release|Any CPU
		{467821F7-763C-4404-9061-4651F1EFC869}.Release|x64.ActiveCfg = Release|Any CPU
		{467821F7-763C-4404-9061-4651F1EFC869}.Release|x64.Build.0 = Release|Any CPU
		{04619C95-CD47-48F0-A9B6-1F678654B1A1}.Debug|Any CPU.ActiveCfg = Debug|Any CPU
		{04619C95-CD47-48F0-A9B6-1F678654B1A1}.Debug|Any CPU.Build.0 = Debug|Any CPU
		{04619C95-CD47-48F0-A9B6-1F678654B1A1}.Debug|x64.ActiveCfg = Debug|Any CPU
		{04619C95-CD47-48F0-A9B6-1F678654B1A1}.Debug|x64.Build.0 = Debug|Any CPU
		{04619C95-CD47-48F0-A9B6-1F678654B1A1}.Release|Any CPU.ActiveCfg = Release|Any CPU
		{04619C95-CD47-48F0-A9B6-1F678654B1A1}.Release|Any CPU.Build.0 = Release|Any CPU
		{04619C95-CD47-48F0-A9B6-1F678654B1A1}.Release|x64.ActiveCfg = Release|Any CPU
		{04619C95-CD47-48F0-A9B6-1F678654B1A1}.Release|x64.Build.0 = Release|Any CPU
	EndGlobalSection
	GlobalSection(SolutionProperties) = preSolution
		HideSolutionNode = FALSE
	EndGlobalSection
	GlobalSection(NestedProjects) = preSolution
		{A1273E6C-83AC-4527-82C8-07EF233F75A8} = {35544AE1-81D6-452A-8FE1-AD712852DF42}
		{F12A0105-BC68-43D5-9CF3-2B819A1508D7} = {38CDB877-706D-47E8-AA8D-343D3217C3A9}
		{38CDB877-706D-47E8-AA8D-343D3217C3A9} = {B9A2B3E1-A1BE-4391-BA43-BFCD4AC212EF}
		{35544AE1-81D6-452A-8FE1-AD712852DF42} = {B9A2B3E1-A1BE-4391-BA43-BFCD4AC212EF}
		{45C4FF6C-019C-4773-8BEB-0451C53985DA} = {35544AE1-81D6-452A-8FE1-AD712852DF42}
		{191C109E-95E7-40A7-BD8A-A593707B3CF7} = {35544AE1-81D6-452A-8FE1-AD712852DF42}
		{B1576DDE-64E4-4C63-8C6C-38F74B23B2ED} = {DEF51250-CCC5-4A6C-8A86-005BD83CEF4A}
		{7316A2FA-25D4-491F-8AC0-794487855562} = {A7DDFB26-2BAF-486C-8795-4F58F4723D6E}
		{1B345EEA-DA62-47B5-94F7-FA50AEF62C0E} = {B9A2B3E1-A1BE-4391-BA43-BFCD4AC212EF}
		{F394CBC3-1A38-4EE4-AA76-5D7533168E2F} = {1B345EEA-DA62-47B5-94F7-FA50AEF62C0E}
		{0B341B2E-CB0C-4A73-AB2D-929060A3F356} = {DEF51250-CCC5-4A6C-8A86-005BD83CEF4A}
		{467821F7-763C-4404-9061-4651F1EFC869} = {A7DDFB26-2BAF-486C-8795-4F58F4723D6E}
		{04619C95-CD47-48F0-A9B6-1F678654B1A1} = {A7DDFB26-2BAF-486C-8795-4F58F4723D6E}
	EndGlobalSection
	GlobalSection(ExtensibilityGlobals) = postSolution
		SolutionGuid = {4C33A8E8-745E-464A-9A42-ACDEF454AFAE}
	EndGlobalSection
EndGlobal
